hash: ab7d52b5518d299a1bfa743a04e4c021db59baa16d029423974d8e69b20be3f6
updated: 2017-09-12T11:56:00.934295249+08:00
imports:
- name: github.com/klauspost/compress
  version: f3dce52e0576655d55fd69e74b63da96ad1108f3
  subpackages:
  - flate
  - gzip
  - zlib
- name: github.com/klauspost/cpuid
  version: ae7887de9fa5d2db4eaa8174a7eff2c1ac00f2da
- name: github.com/valyala/bytebufferpool
  version: e746df99fe4a3986f4d4f79e13c1e0117ce9c2f7
- name: github.com/valyala/fasthttp
  version: b43f17d9a9aa1e39f2614f49c8fa4fe8f406c83d
  subpackages:
  - fasthttputil
  - stackless
testImports: []
